# This file is autogenerated, do not edit; changes may be undone by the next 'dep ensure'.


[[projects]]
  branch = "v1"
  name = "gopkg.in/bsm/ratelimit.v1"
  packages = ["."]
  revision = "db14e161995a5177acef654cb0dd785e8ee8bc22"

[[projects]]
  name = "gopkg.in/redis.v4"
  packages = [".","internal","internal/consistenthash","internal/errors","internal/hashtag","internal/pool","internal/proto"]
  revision = "c938162545c57136fa59879746bc65d0f1db3d1e"
  version = "v4.2.4"

[solve-meta]
  analyzer-name = "dep"
  analyzer-version = 1
  inputs-digest = "4850cca1dad4a9a667ddf9dde6769f6865ac28ba41fbd609608ab9b026f505e5"
  solver-name = "gps-cdcl"
  solver-version = 1
